
Microsoft Visual Studio Solution File, Format Version 12.00
# Visual Studio 15
VisualStudioVersion = 15.0.27428.2015
MinimumVisualStudioVersion = 10.0.40219.1
Project("{FAE04EC0-301F-11D3-BF4B-00C04F79EFBC}") = "UiTestSample.Android", "UiTestSample\UiTestSample.Android\UiTestSample.Android.csproj", "{C2D482CC-4188-4212-924F-2D6C962E9918}"
EndProject
Project("{FAE04EC0-301F-11D3-BF4B-00C04F79EFBC}") = "UiTestSample.iOS", "UiTestSample\UiTestSample.iOS\UiTestSample.iOS.csproj", "{00BA1BBE-BD9C-44A1-88BD-0CA1A3FEA2C2}"
EndProject
Project("{FAE04EC0-301F-11D3-BF4B-00C04F79EFBC}") = "UiTestSample.UWP", "UiTestSample\UiTestSample.UWP\UiTestSample.UWP.csproj", "{F29AE6E0-FA81-4CCF-9C6D-5380C5A7F44D}"
EndProject
Project("{9A19103F-16F7-4668-BE54-9A1E7A4F7556}") = "UiTestSample", "UiTestSample\UiTestSample\UiTestSample.csproj", "{C2515E37-B3DF-4529-BEB6-9B9BBF066B8E}"
EndProject
Project("{FAE04EC0-301F-11D3-BF4B-00C04F79EFBC}") = "UITestDemo", "UITestDemo\UITestDemo.csproj", "{848FC5C3-DA45-4754-A456-01EF070B9BCE}"
EndProject
Global
	GlobalSection(SolutionConfigurationPlatforms) = preSolution
		Ad-Hoc|Any CPU = Ad-Hoc|Any CPU
		Ad-Hoc|ARM = Ad-Hoc|ARM
		Ad-Hoc|iPhone = Ad-Hoc|iPhone
		Ad-Hoc|iPhoneSimulator = Ad-Hoc|iPhoneSimulator
		Ad-Hoc|x64 = Ad-Hoc|x64
		Ad-Hoc|x86 = Ad-Hoc|x86
		AppStore|Any CPU = AppStore|Any CPU
		AppStore|ARM = AppStore|ARM
		AppStore|iPhone = AppStore|iPhone
		AppStore|iPhoneSimulator = AppStore|iPhoneSimulator
		AppStore|x64 = AppStore|x64
		AppStore|x86 = AppStore|x86
		Debug|Any CPU = Debug|Any CPU
		Debug|ARM = Debug|ARM
		Debug|iPhone = Debug|iPhone
		Debug|iPhoneSimulator = Debug|iPhoneSimulator
		Debug|x64 = Debug|x64
		Debug|x86 = Debug|x86
		Release|Any CPU = Release|Any CPU
		Release|ARM = Release|ARM
		Release|iPhone = Release|iPhone
		Release|iPhoneSimulator = Release|iPhoneSimulator
		Release|x64 = Release|x64
		Release|x86 = Release|x86
	EndGlobalSection
	GlobalSection(ProjectConfigurationPlatforms) = postSolution
		{C2D482CC-4188-4212-924F-2D6C962E9918}.Ad-Hoc|Any CPU.ActiveCfg = Release|Any CPU
		{C2D482CC-4188-4212-924F-2D6C962E9918}.Ad-Hoc|Any CPU.Build.0 = Release|Any CPU
		{C2D482CC-4188-4212-924F-2D6C962E9918}.Ad-Hoc|Any CPU.Deploy.0 = Release|Any CPU
		{C2D482CC-4188-4212-924F-2D6C962E9918}.Ad-Hoc|ARM.ActiveCfg = Release|Any CPU
		{C2D482CC-4188-4212-924F-2D6C962E9918}.Ad-Hoc|ARM.Build.0 = Release|Any CPU
		{C2D482CC-4188-4212-924F-2D6C962E9918}.Ad-Hoc|ARM.Deploy.0 = Release|Any CPU
		{C2D482CC-4188-4212-924F-2D6C962E9918}.Ad-Hoc|iPhone.ActiveCfg = Release|Any CPU
		{C2D482CC-4188-4212-924F-2D6C962E9918}.Ad-Hoc|iPhone.Build.0 = Release|Any CPU
		{C2D482CC-4188-4212-924F-2D6C962E9918}.Ad-Hoc|iPhone.Deploy.0 = Release|Any CPU
		{C2D482CC-4188-4212-924F-2D6C962E9918}.Ad-Hoc|iPhoneSimulator.ActiveCfg = Release|Any CPU
		{C2D482CC-4188-4212-924F-2D6C962E9918}.Ad-Hoc|iPhoneSimulator.Build.0 = Release|Any CPU
		{C2D482CC-4188-4212-924F-2D6C962E9918}.Ad-Hoc|iPhoneSimulator.Deploy.0 = Release|Any CPU
		{C2D482CC-4188-4212-924F-2D6C962E9918}.Ad-Hoc|x64.ActiveCfg = Release|Any CPU
		{C2D482CC-4188-4212-924F-2D6C962E9918}.Ad-Hoc|x64.Build.0 = Release|Any CPU
		{C2D482CC-4188-4212-924F-2D6C962E9918}.Ad-Hoc|x64.Deploy.0 = Release|Any CPU
		{C2D482CC-4188-4212-924F-2D6C962E9918}.Ad-Hoc|x86.ActiveCfg = Release|Any CPU
		{C2D482CC-4188-4212-924F-2D6C962E9918}.Ad-Hoc|x86.Build.0 = Release|Any CPU
		{C2D482CC-4188-4212-924F-2D6C962E9918}.Ad-Hoc|x86.Deploy.0 = Release|Any CPU
		{C2D482CC-4188-4212-924F-2D6C962E9918}.AppStore|Any CPU.ActiveCfg = Release|Any CPU
		{C2D482CC-4188-4212-924F-2D6C962E9918}.AppStore|Any CPU.Build.0 = Release|Any CPU
		{C2D482CC-4188-4212-924F-2D6C962E9918}.AppStore|Any CPU.Deploy.0 = Release|Any CPU
		{C2D482CC-4188-4212-924F-2D6C962E9918}.AppStore|ARM.ActiveCfg = Release|Any CPU
		{C2D482CC-4188-4212-924F-2D6C962E9918}.AppStore|ARM.Build.0 = Release|Any CPU
		{C2D482CC-4188-4212-924F-2D6C962E9918}.AppStore|ARM.Deploy.0 = Release|Any CPU
		{C2D482CC-4188-4212-924F-2D6C962E9918}.AppStore|iPhone.ActiveCfg = Release|Any CPU
		{C2D482CC-4188-4212-924F-2D6C962E9918}.AppStore|iPhone.Build.0 = Release|Any CPU
		{C2D482CC-4188-4212-924F-2D6C962E9918}.AppStore|iPhone.Deploy.0 = Release|Any CPU
		{C2D482CC-4188-4212-924F-2D6C962E9918}.AppStore|iPhoneSimulator.ActiveCfg = Release|Any CPU
		{C2D482CC-4188-4212-924F-2D6C962E9918}.AppStore|iPhoneSimulator.Build.0 = Release|Any CPU
		{C2D482CC-4188-4212-924F-2D6C962E9918}.AppStore|iPhoneSimulator.Deploy.0 = Release|Any CPU
		{C2D482CC-4188-4212-924F-2D6C962E9918}.AppStore|x64.ActiveCfg = Release|Any CPU
		{C2D482CC-4188-4212-924F-2D6C962E9918}.AppStore|x64.Build.0 = Release|Any CPU
		{C2D482CC-4188-4212-924F-2D6C962E9918}.AppStore|x64.Deploy.0 = Release|Any CPU
		{C2D482CC-4188-4212-924F-2D6C962E9918}.AppStore|x86.ActiveCfg = Release|Any CPU
		{C2D482CC-4188-4212-924F-2D6C962E9918}.AppStore|x86.Build.0 = Release|Any CPU
		{C2D482CC-4188-4212-924F-2D6C962E9918}.AppStore|x86.Deploy.0 = Release|Any CPU
		{C2D482CC-4188-4212-924F-2D6C962E9918}.Debug|Any CPU.ActiveCfg = Debug|Any CPU
		{C2D482CC-4188-4212-924F-2D6C962E9918}.Debug|Any CPU.Build.0 = Debug|Any CPU
		{C2D482CC-4188-4212-924F-2D6C962E9918}.Debug|Any CPU.Deploy.0 = Debug|Any CPU
		{C2D482CC-4188-4212-924F-2D6C962E9918}.Debug|ARM.ActiveCfg = Debug|Any CPU
		{C2D482CC-4188-4212-924F-2D6C962E9918}.Debug|ARM.Build.0 = Debug|Any CPU
		{C2D482CC-4188-4212-924F-2D6C962E9918}.Debug|ARM.Deploy.0 = Debug|Any CPU
		{C2D482CC-4188-4212-924F-2D6C962E9918}.Debug|iPhone.ActiveCfg = Debug|Any CPU
		{C2D482CC-4188-4212-924F-2D6C962E9918}.Debug|iPhone.Build.0 = Debug|Any CPU
		{C2D482CC-4188-4212-924F-2D6C962E9918}.Debug|iPhone.Deploy.0 = Debug|Any CPU
		{C2D482CC-4188-4212-924F-2D6C962E9918}.Debug|iPhoneSimulator.ActiveCfg = Debug|Any CPU
		{C2D482CC-4188-4212-924F-2D6C962E9918}.Debug|iPhoneSimulator.Build.0 = Debug|Any CPU
		{C2D482CC-4188-4212-924F-2D6C962E9918}.Debug|iPhoneSimulator.Deploy.0 = Debug|Any CPU
		{C2D482CC-4188-4212-924F-2D6C962E9918}.Debug|x64.ActiveCfg = Debug|Any CPU
		{C2D482CC-4188-4212-924F-2D6C962E9918}.Debug|x64.Build.0 = Debug|Any CPU
		{C2D482CC-4188-4212-924F-2D6C962E9918}.Debug|x64.Deploy.0 = Debug|Any CPU
		{C2D482CC-4188-4212-924F-2D6C962E9918}.Debug|x86.ActiveCfg = Debug|Any CPU
		{C2D482CC-4188-4212-924F-2D6C962E9918}.Debug|x86.Build.0 = Debug|Any CPU
		{C2D482CC-4188-4212-924F-2D6C962E9918}.Debug|x86.Deploy.0 = Debug|Any CPU
		{C2D482CC-4188-4212-924F-2D6C962E9918}.Release|Any CPU.ActiveCfg = Release|Any CPU
		{C2D482CC-4188-4212-924F-2D6C962E9918}.Release|Any CPU.Build.0 = Release|Any CPU
		{C2D482CC-4188-4212-924F-2D6C962E9918}.Release|Any CPU.Deploy.0 = Release|Any CPU
		{C2D482CC-4188-4212-924F-2D6C962E9918}.Release|ARM.ActiveCfg = Release|Any CPU
		{C2D482CC-4188-4212-924F-2D6C962E9918}.Release|ARM.Build.0 = Release|Any CPU
		{C2D482CC-4188-4212-924F-2D6C962E9918}.Release|ARM.Deploy.0 = Release|Any CPU
		{C2D482CC-4188-4212-924F-2D6C962E9918}.Release|iPhone.ActiveCfg = Release|Any CPU
		{C2D482CC-4188-4212-924F-2D6C962E9918}.Release|iPhone.Build.0 = Release|Any CPU
		{C2D482CC-4188-4212-924F-2D6C962E9918}.Release|iPhone.Deploy.0 = Release|Any CPU
		{C2D482CC-4188-4212-924F-2D6C962E9918}.Release|iPhoneSimulator.ActiveCfg = Release|Any CPU
		{C2D482CC-4188-4212-924F-2D6C962E9918}.Release|iPhoneSimulator.Build.0 = Release|Any CPU
		{C2D482CC-4188-4212-924F-2D6C962E9918}.Release|iPhoneSimulator.Deploy.0 = Release|Any CPU
		{C2D482CC-4188-4212-924F-2D6C962E9918}.Release|x64.ActiveCfg = Release|Any CPU
		{C2D482CC-4188-4212-924F-2D6C962E9918}.Release|x64.Build.0 = Release|Any CPU
		{C2D482CC-4188-4212-924F-2D6C962E9918}.Release|x64.Deploy.0 = Release|Any CPU
		{C2D482CC-4188-4212-924F-2D6C962E9918}.Release|x86.ActiveCfg = Release|Any CPU
		{C2D482CC-4188-4212-924F-2D6C962E9918}.Release|x86.Build.0 = Release|Any CPU
		{C2D482CC-4188-4212-924F-2D6C962E9918}.Release|x86.Deploy.0 = Release|Any CPU
		{00BA1BBE-BD9C-44A1-88BD-0CA1A3FEA2C2}.Ad-Hoc|Any CPU.ActiveCfg = Ad-Hoc|iPhone
		{00BA1BBE-BD9C-44A1-88BD-0CA1A3FEA2C2}.Ad-Hoc|ARM.ActiveCfg = Ad-Hoc|iPhone
		{00BA1BBE-BD9C-44A1-88BD-0CA1A3FEA2C2}.Ad-Hoc|iPhone.ActiveCfg = Ad-Hoc|iPhone
		{00BA1BBE-BD9C-44A1-88BD-0CA1A3FEA2C2}.Ad-Hoc|iPhone.Build.0 = Ad-Hoc|iPhone
		{00BA1BBE-BD9C-44A1-88BD-0CA1A3FEA2C2}.Ad-Hoc|iPhoneSimulator.ActiveCfg = Ad-Hoc|iPhoneSimulator
		{00BA1BBE-BD9C-44A1-88BD-0CA1A3FEA2C2}.Ad-Hoc|iPhoneSimulator.Build.0 = Ad-Hoc|iPhoneSimulator
		{00BA1BBE-BD9C-44A1-88BD-0CA1A3FEA2C2}.Ad-Hoc|x64.ActiveCfg = Ad-Hoc|iPhone
		{00BA1BBE-BD9C-44A1-88BD-0CA1A3FEA2C2}.Ad-Hoc|x86.ActiveCfg = Ad-Hoc|iPhone
		{00BA1BBE-BD9C-44A1-88BD-0CA1A3FEA2C2}.AppStore|Any CPU.ActiveCfg = AppStore|iPhone
		{00BA1BBE-BD9C-44A1-88BD-0CA1A3FEA2C2}.AppStore|ARM.ActiveCfg = AppStore|iPhone
		{00BA1BBE-BD9C-44A1-88BD-0CA1A3FEA2C2}.AppStore|iPhone.ActiveCfg = AppStore|iPhone
		{00BA1BBE-BD9C-44A1-88BD-0CA1A3FEA2C2}.AppStore|iPhone.Build.0 = AppStore|iPhone
		{00BA1BBE-BD9C-44A1-88BD-0CA1A3FEA2C2}.AppStore|iPhoneSimulator.ActiveCfg = AppStore|iPhoneSimulator
		{00BA1BBE-BD9C-44A1-88BD-0CA1A3FEA2C2}.AppStore|iPhoneSimulator.Build.0 = AppStore|iPhoneSimulator
		{00BA1BBE-BD9C-44A1-88BD-0CA1A3FEA2C2}.AppStore|x64.ActiveCfg = AppStore|iPhone
		{00BA1BBE-BD9C-44A1-88BD-0CA1A3FEA2C2}.AppStore|x86.ActiveCfg = AppStore|iPhone
		{00BA1BBE-BD9C-44A1-88BD-0CA1A3FEA2C2}.Debug|Any CPU.ActiveCfg = Debug|iPhone
		{00BA1BBE-BD9C-44A1-88BD-0CA1A3FEA2C2}.Debug|ARM.ActiveCfg = Debug|iPhone
		{00BA1BBE-BD9C-44A1-88BD-0CA1A3FEA2C2}.Debug|iPhone.ActiveCfg = Debug|iPhone
		{00BA1BBE-BD9C-44A1-88BD-0CA1A3FEA2C2}.Debug|iPhone.Build.0 = Debug|iPhone
		{00BA1BBE-BD9C-44A1-88BD-0CA1A3FEA2C2}.Debug|iPhoneSimulator.ActiveCfg = Debug|iPhoneSimulator
		{00BA1BBE-BD9C-44A1-88BD-0CA1A3FEA2C2}.Debug|iPhoneSimulator.Build.0 = Debug|iPhoneSimulator
		{00BA1BBE-BD9C-44A1-88BD-0CA1A3FEA2C2}.Debug|x64.ActiveCfg = Debug|iPhone
		{00BA1BBE-BD9C-44A1-88BD-0CA1A3FEA2C2}.Debug|x86.ActiveCfg = Debug|iPhone
		{00BA1BBE-BD9C-44A1-88BD-0CA1A3FEA2C2}.Release|Any CPU.ActiveCfg = Release|iPhone
		{00BA1BBE-BD9C-44A1-88BD-0CA1A3FEA2C2}.Release|ARM.ActiveCfg = Release|iPhone
		{00BA1BBE-BD9C-44A1-88BD-0CA1A3FEA2C2}.Release|iPhone.ActiveCfg = Release|iPhone
		{00BA1BBE-BD9C-44A1-88BD-0CA1A3FEA2C2}.Release|iPhone.Build.0 = Release|iPhone
		{00BA1BBE-BD9C-44A1-88BD-0CA1A3FEA2C2}.Release|iPhoneSimulator.ActiveCfg = Release|iPhoneSimulator
		{00BA1BBE-BD9C-44A1-88BD-0CA1A3FEA2C2}.Release|iPhoneSimulator.Build.0 = Release|iPhoneSimulator
		{00BA1BBE-BD9C-44A1-88BD-0CA1A3FEA2C2}.Release|x64.ActiveCfg = Release|iPhone
		{00BA1BBE-BD9C-44A1-88BD-0CA1A3FEA2C2}.Release|x86.ActiveCfg = Release|iPhone
		{F29AE6E0-FA81-4CCF-9C6D-5380C5A7F44D}.Ad-Hoc|Any CPU.ActiveCfg = Release|x86
		{F29AE6E0-FA81-4CCF-9C6D-5380C5A7F44D}.Ad-Hoc|Any CPU.Build.0 = Release|x86
		{F29AE6E0-FA81-4CCF-9C6D-5380C5A7F44D}.Ad-Hoc|Any CPU.Deploy.0 = Release|x86
		{F29AE6E0-FA81-4CCF-9C6D-5380C5A7F44D}.Ad-Hoc|ARM.ActiveCfg = Release|ARM
		{F29AE6E0-FA81-4CCF-9C6D-5380C5A7F44D}.Ad-Hoc|ARM.Build.0 = Release|ARM
		{F29AE6E0-FA81-4CCF-9C6D-5380C5A7F44D}.Ad-Hoc|ARM.Deploy.0 = Release|ARM
		{F29AE6E0-FA81-4CCF-9C6D-5380C5A7F44D}.Ad-Hoc|iPhone.ActiveCfg = Release|x86
		{F29AE6E0-FA81-4CCF-9C6D-5380C5A7F44D}.Ad-Hoc|iPhone.Build.0 = Release|x86
		{F29AE6E0-FA81-4CCF-9C6D-5380C5A7F44D}.Ad-Hoc|iPhone.Deploy.0 = Release|x86
		{F29AE6E0-FA81-4CCF-9C6D-5380C5A7F44D}.Ad-Hoc|iPhoneSimulator.ActiveCfg = Release|x86
		{F29AE6E0-FA81-4CCF-9C6D-5380C5A7F44D}.Ad-Hoc|iPhoneSimulator.Build.0 = Release|x86
		{F29AE6E0-FA81-4CCF-9C6D-5380C5A7F44D}.Ad-Hoc|iPhoneSimulator.Deploy.0 = Release|x86
		{F29AE6E0-FA81-4CCF-9C6D-5380C5A7F44D}.Ad-Hoc|x64.ActiveCfg = Release|x64
		{F29AE6E0-FA81-4CCF-9C6D-5380C5A7F44D}.Ad-Hoc|x64.Build.0 = Release|x64
		{F29AE6E0-FA81-4CCF-9C6D-5380C5A7F44D}.Ad-Hoc|x64.Deploy.0 = Release|x64
		{F29AE6E0-FA81-4CCF-9C6D-5380C5A7F44D}.Ad-Hoc|x86.ActiveCfg = Release|x86
		{F29AE6E0-FA81-4CCF-9C6D-5380C5A7F44D}.Ad-Hoc|x86.Build.0 = Release|x86
		{F29AE6E0-FA81-4CCF-9C6D-5380C5A7F44D}.Ad-Hoc|x86.Deploy.0 = Release|x86
		{F29AE6E0-FA81-4CCF-9C6D-5380C5A7F44D}.AppStore|Any CPU.ActiveCfg = Release|x86
		{F29AE6E0-FA81-4CCF-9C6D-5380C5A7F44D}.AppStore|Any CPU.Build.0 = Release|x86
		{F29AE6E0-FA81-4CCF-9C6D-5380C5A7F44D}.AppStore|Any CPU.Deploy.0 = Release|x86
		{F29AE6E0-FA81-4CCF-9C6D-5380C5A7F44D}.AppStore|ARM.ActiveCfg = Release|ARM
		{F29AE6E0-FA81-4CCF-9C6D-5380C5A7F44D}.AppStore|ARM.Build.0 = Release|ARM
		{F29AE6E0-FA81-4CCF-9C6D-5380C5A7F44D}.AppStore|ARM.Deploy.0 = Release|ARM
		{F29AE6E0-FA81-4CCF-9C6D-5380C5A7F44D}.AppStore|iPhone.ActiveCfg = Release|x86
		{F29AE6E0-FA81-4CCF-9C6D-5380C5A7F44D}.AppStore|iPhone.Build.0 = Release|x86
		{F29AE6E0-FA81-4CCF-9C6D-5380C5A7F44D}.AppStore|iPhone.Deploy.0 = Release|x86
		{F29AE6E0-FA81-4CCF-9C6D-5380C5A7F44D}.AppStore|iPhoneSimulator.ActiveCfg = Release|x86
		{F29AE6E0-FA81-4CCF-9C6D-5380C5A7F44D}.AppStore|iPhoneSimulator.Build.0 = Release|x86
		{F29AE6E0-FA81-4CCF-9C6D-5380C5A7F44D}.AppStore|iPhoneSimulator.Deploy.0 = Release|x86
		{F29AE6E0-FA81-4CCF-9C6D-5380C5A7F44D}.AppStore|x64.ActiveCfg = Release|x64
		{F29AE6E0-FA81-4CCF-9C6D-5380C5A7F44D}.AppStore|x64.Build.0 = Release|x64
		{F29AE6E0-FA81-4CCF-9C6D-5380C5A7F44D}.AppStore|x64.Deploy.0 = Release|x64
		{F29AE6E0-FA81-4CCF-9C6D-5380C5A7F44D}.AppStore|x86.ActiveCfg = Release|x86
		{F29AE6E0-FA81-4CCF-9C6D-5380C5A7F44D}.AppStore|x86.Build.0 = Release|x86
		{F29AE6E0-FA81-4CCF-9C6D-5380C5A7F44D}.AppStore|x86.Deploy.0 = Release|x86
		{F29AE6E0-FA81-4CCF-9C6D-5380C5A7F44D}.Debug|Any CPU.ActiveCfg = Debug|x86
		{F29AE6E0-FA81-4CCF-9C6D-5380C5A7F44D}.Debug|ARM.ActiveCfg = Debug|ARM
		{F29AE6E0-FA81-4CCF-9C6D-5380C5A7F44D}.Debug|ARM.Build.0 = Debug|ARM
		{F29AE6E0-FA81-4CCF-9C6D-5380C5A7F44D}.Debug|ARM.Deploy.0 = Debug|ARM
		{F29AE6E0-FA81-4CCF-9C6D-5380C5A7F44D}.Debug|iPhone.ActiveCfg = Debug|x86
		{F29AE6E0-FA81-4CCF-9C6D-5380C5A7F44D}.Debug|iPhoneSimulator.ActiveCfg = Debug|x86
		{F29AE6E0-FA81-4CCF-9C6D-5380C5A7F44D}.Debug|x64.ActiveCfg = Debug|x64
		{F29AE6E0-FA81-4CCF-9C6D-5380C5A7F44D}.Debug|x64.Build.0 = Debug|x64
		{F29AE6E0-FA81-4CCF-9C6D-5380C5A7F44D}.Debug|x64.Deploy.0 = Debug|x64
		{F29AE6E0-FA81-4CCF-9C6D-5380C5A7F44D}.Debug|x86.ActiveCfg = Debug|x86
		{F29AE6E0-FA81-4CCF-9C6D-5380C5A7F44D}.Debug|x86.Build.0 = Debug|x86
		{F29AE6E0-FA81-4CCF-9C6D-5380C5A7F44D}.Debug|x86.Deploy.0 = Debug|x86
		{F29AE6E0-FA81-4CCF-9C6D-5380C5A7F44D}.Release|Any CPU.ActiveCfg = Release|x86
		{F29AE6E0-FA81-4CCF-9C6D-5380C5A7F44D}.Release|ARM.ActiveCfg = Release|ARM
		{F29AE6E0-FA81-4CCF-9C6D-5380C5A7F44D}.Release|ARM.Build.0 = Release|ARM
		{F29AE6E0-FA81-4CCF-9C6D-5380C5A7F44D}.Release|ARM.Deploy.0 = Release|ARM
		{F29AE6E0-FA81-4CCF-9C6D-5380C5A7F44D}.Release|iPhone.ActiveCfg = Release|x86
		{F29AE6E0-FA81-4CCF-9C6D-5380C5A7F44D}.Release|iPhoneSimulator.ActiveCfg = Release|x86
		{F29AE6E0-FA81-4CCF-9C6D-5380C5A7F44D}.Release|x64.ActiveCfg = Release|x64
		{F29AE6E0-FA81-4CCF-9C6D-5380C5A7F44D}.Release|x64.Build.0 = Release|x64
		{F29AE6E0-FA81-4CCF-9C6D-5380C5A7F44D}.Release|x64.Deploy.0 = Release|x64
		{F29AE6E0-FA81-4CCF-9C6D-5380C5A7F44D}.Release|x86.ActiveCfg = Release|x86
		{F29AE6E0-FA81-4CCF-9C6D-5380C5A7F44D}.Release|x86.Build.0 = Release|x86
		{F29AE6E0-FA81-4CCF-9C6D-5380C5A7F44D}.Release|x86.Deploy.0 = Release|x86
		{C2515E37-B3DF-4529-BEB6-9B9BBF066B8E}.Ad-Hoc|Any CPU.ActiveCfg = Debug|Any CPU
		{C2515E37-B3DF-4529-BEB6-9B9BBF066B8E}.Ad-Hoc|Any CPU.Build.0 = Debug|Any CPU
		{C2515E37-B3DF-4529-BEB6-9B9BBF066B8E}.Ad-Hoc|ARM.ActiveCfg = Debug|Any CPU
		{C2515E37-B3DF-4529-BEB6-9B9BBF066B8E}.Ad-Hoc|ARM.Build.0 = Debug|Any CPU
		{C2515E37-B3DF-4529-BEB6-9B9BBF066B8E}.Ad-Hoc|iPhone.ActiveCfg = Debug|Any CPU
		{C2515E37-B3DF-4529-BEB6-9B9BBF066B8E}.Ad-Hoc|iPhone.Build.0 = Debug|Any CPU
		{C2515E37-B3DF-4529-BEB6-9B9BBF066B8E}.Ad-Hoc|iPhoneSimulator.ActiveCfg = Debug|Any CPU
		{C2515E37-B3DF-4529-BEB6-9B9BBF066B8E}.Ad-Hoc|iPhoneSimulator.Build.0 = Debug|Any CPU
		{C2515E37-B3DF-4529-BEB6-9B9BBF066B8E}.Ad-Hoc|x64.ActiveCfg = Debug|Any CPU
		{C2515E37-B3DF-4529-BEB6-9B9BBF066B8E}.Ad-Hoc|x64.Build.0 = Debug|Any CPU
		{C2515E37-B3DF-4529-BEB6-9B9BBF066B8E}.Ad-Hoc|x86.ActiveCfg = Debug|Any CPU
		{C2515E37-B3DF-4529-BEB6-9B9BBF066B8E}.Ad-Hoc|x86.Build.0 = Debug|Any CPU
		{C2515E37-B3DF-4529-BEB6-9B9BBF066B8E}.AppStore|Any CPU.ActiveCfg = Debug|Any CPU
		{C2515E37-B3DF-4529-BEB6-9B9BBF066B8E}.AppStore|Any CPU.Build.0 = Debug|Any CPU
		{C2515E37-B3DF-4529-BEB6-9B9BBF066B8E}.AppStore|ARM.ActiveCfg = Debug|Any CPU
		{C2515E37-B3DF-4529-BEB6-9B9BBF066B8E}.AppStore|ARM.Build.0 = Debug|Any CPU
		{C2515E37-B3DF-4529-BEB6-9B9BBF066B8E}.AppStore|iPhone.ActiveCfg = Debug|Any CPU
		{C2515E37-B3DF-4529-BEB6-9B9BBF066B8E}.AppStore|iPhone.Build.0 = Debug|Any CPU
		{C2515E37-B3DF-4529-BEB6-9B9BBF066B8E}.AppStore|iPhoneSimulator.ActiveCfg = Debug|Any CPU
		{C2515E37-B3DF-4529-BEB6-9B9BBF066B8E}.AppStore|iPhoneSimulator.Build.0 = Debug|Any CPU
		{C2515E37-B3DF-4529-BEB6-9B9BBF066B8E}.AppStore|x64.ActiveCfg = Debug|Any CPU
		{C2515E37-B3DF-4529-BEB6-9B9BBF066B8E}.AppStore|x64.Build.0 = Debug|Any CPU
		{C2515E37-B3DF-4529-BEB6-9B9BBF066B8E}.AppStore|x86.ActiveCfg = Debug|Any CPU
		{C2515E37-B3DF-4529-BEB6-9B9BBF066B8E}.AppStore|x86.Build.0 = Debug|Any CPU
		{C2515E37-B3DF-4529-BEB6-9B9BBF066B8E}.Debug|Any CPU.ActiveCfg = Debug|Any CPU
		{C2515E37-B3DF-4529-BEB6-9B9BBF066B8E}.Debug|Any CPU.Build.0 = Debug|Any CPU
		{C2515E37-B3DF-4529-BEB6-9B9BBF066B8E}.Debug|ARM.ActiveCfg = Debug|Any CPU
		{C2515E37-B3DF-4529-BEB6-9B9BBF066B8E}.Debug|ARM.Build.0 = Debug|Any CPU
		{C2515E37-B3DF-4529-BEB6-9B9BBF066B8E}.Debug|iPhone.ActiveCfg = Debug|Any CPU
		{C2515E37-B3DF-4529-BEB6-9B9BBF066B8E}.Debug|iPhone.Build.0 = Debug|Any CPU
		{C2515E37-B3DF-4529-BEB6-9B9BBF066B8E}.Debug|iPhoneSimulator.ActiveCfg = Debug|Any CPU
		{C2515E37-B3DF-4529-BEB6-9B9BBF066B8E}.Debug|iPhoneSimulator.Build.0 = Debug|Any CPU
		{C2515E37-B3DF-4529-BEB6-9B9BBF066B8E}.Debug|x64.ActiveCfg = Debug|Any CPU
		{C2515E37-B3DF-4529-BEB6-9B9BBF066B8E}.Debug|x64.Build.0 = Debug|Any CPU
		{C2515E37-B3DF-4529-BEB6-9B9BBF066B8E}.Debug|x86.ActiveCfg = Debug|Any CPU
		{C2515E37-B3DF-4529-BEB6-9B9BBF066B8E}.Debug|x86.Build.0 = Debug|Any CPU
		{C2515E37-B3DF-4529-BEB6-9B9BBF066B8E}.Release|Any CPU.ActiveCfg = Release|Any CPU
		{C2515E37-B3DF-4529-BEB6-9B9BBF066B8E}.Release|Any CPU.Build.0 = Release|Any CPU
		{C2515E37-B3DF-4529-BEB6-9B9BBF066B8E}.Release|ARM.ActiveCfg = Release|Any CPU
		{C2515E37-B3DF-4529-BEB6-9B9BBF066B8E}.Release|ARM.Build.0 = Release|Any CPU
		{C2515E37-B3DF-4529-BEB6-9B9BBF066B8E}.Release|iPhone.ActiveCfg = Release|Any CPU
		{C2515E37-B3DF-4529-BEB6-9B9BBF066B8E}.Release|iPhone.Build.0 = Release|Any CPU
		{C2515E37-B3DF-4529-BEB6-9B9BBF066B8E}.Release|iPhoneSimulator.ActiveCfg = Release|Any CPU
		{C2515E37-B3DF-4529-BEB6-9B9BBF066B8E}.Release|iPhoneSimulator.Build.0 = Release|Any CPU
		{C2515E37-B3DF-4529-BEB6-9B9BBF066B8E}.Release|x64.ActiveCfg = Release|Any CPU
		{C2515E37-B3DF-4529-BEB6-9B9BBF066B8E}.Release|x64.Build.0 = Release|Any CPU
		{C2515E37-B3DF-4529-BEB6-9B9BBF066B8E}.Release|x86.ActiveCfg = Release|Any CPU
		{C2515E37-B3DF-4529-BEB6-9B9BBF066B8E}.Release|x86.Build.0 = Release|Any CPU
		{848FC5C3-DA45-4754-A456-01EF070B9BCE}.Ad-Hoc|Any CPU.ActiveCfg = Release|Any CPU
		{848FC5C3-DA45-4754-A456-01EF070B9BCE}.Ad-Hoc|Any CPU.Build.0 = Release|Any CPU
		{848FC5C3-DA45-4754-A456-01EF070B9BCE}.Ad-Hoc|ARM.ActiveCfg = Release|Any CPU
		{848FC5C3-DA45-4754-A456-01EF070B9BCE}.Ad-Hoc|ARM.Build.0 = Release|Any CPU
		{848FC5C3-DA45-4754-A456-01EF070B9BCE}.Ad-Hoc|iPhone.ActiveCfg = Release|Any CPU
		{848FC5C3-DA45-4754-A456-01EF070B9BCE}.Ad-Hoc|iPhone.Build.0 = Release|Any CPU
		{848FC5C3-DA45-4754-A456-01EF070B9BCE}.Ad-Hoc|iPhoneSimulator.ActiveCfg = Release|Any CPU
		{848FC5C3-DA45-4754-A456-01EF070B9BCE}.Ad-Hoc|iPhoneSimulator.Build.0 = Release|Any CPU
		{848FC5C3-DA45-4754-A456-01EF070B9BCE}.Ad-Hoc|x64.ActiveCfg = Release|Any CPU
		{848FC5C3-DA45-4754-A456-01EF070B9BCE}.Ad-Hoc|x64.Build.0 = Release|Any CPU
		{848FC5C3-DA45-4754-A456-01EF070B9BCE}.Ad-Hoc|x86.ActiveCfg = Release|Any CPU
		{848FC5C3-DA45-4754-A456-01EF070B9BCE}.Ad-Hoc|x86.Build.0 = Release|Any CPU
		{848FC5C3-DA45-4754-A456-01EF070B9BCE}.AppStore|Any CPU.ActiveCfg = Release|Any CPU
		{848FC5C3-DA45-4754-A456-01EF070B9BCE}.AppStore|Any CPU.Build.0 = Release|Any CPU
		{848FC5C3-DA45-4754-A456-01EF070B9BCE}.AppStore|ARM.ActiveCfg = Release|Any CPU
		{848FC5C3-DA45-4754-A456-01EF070B9BCE}.AppStore|ARM.Build.0 = Release|Any CPU
		{848FC5C3-DA45-4754-A456-01EF070B9BCE}.AppStore|iPhone.ActiveCfg = Release|Any CPU
		{848FC5C3-DA45-4754-A456-01EF070B9BCE}.AppStore|iPhone.Build.0 = Release|Any CPU
		{848FC5C3-DA45-4754-A456-01EF070B9BCE}.AppStore|iPhoneSimulator.ActiveCfg = Release|Any CPU
		{848FC5C3-DA45-4754-A456-01EF070B9BCE}.AppStore|iPhoneSimulator.Build.0 = Release|Any CPU
		{848FC5C3-DA45-4754-A456-01EF070B9BCE}.AppStore|x64.ActiveCfg = Release|Any CPU
		{848FC5C3-DA45-4754-A456-01EF070B9BCE}.AppStore|x64.Build.0 = Release|Any CPU
		{848FC5C3-DA45-4754-A456-01EF070B9BCE}.AppStore|x86.ActiveCfg = Release|Any CPU
		{848FC5C3-DA45-4754-A456-01EF070B9BCE}.AppStore|x86.Build.0 = Release|Any CPU
		{848FC5C3-DA45-4754-A456-01EF070B9BCE}.Debug|Any CPU.ActiveCfg = Debug|Any CPU
		{848FC5C3-DA45-4754-A456-01EF070B9BCE}.Debug|Any CPU.Build.0 = Debug|Any CPU
		{848FC5C3-DA45-4754-A456-01EF070B9BCE}.Debug|ARM.ActiveCfg = Debug|Any CPU
		{848FC5C3-DA45-4754-A456-01EF070B9BCE}.Debug|ARM.Build.0 = Debug|Any CPU
		{848FC5C3-DA45-4754-A456-01EF070B9BCE}.Debug|iPhone.ActiveCfg = Debug|Any CPU
		{848FC5C3-DA45-4754-A456-01EF070B9BCE}.Debug|iPhone.Build.0 = Debug|Any CPU
		{848FC5C3-DA45-4754-A456-01EF070B9BCE}.Debug|iPhoneSimulator.ActiveCfg = Debug|Any CPU
		{848FC5C3-DA45-4754-A456-01EF070B9BCE}.Debug|iPhoneSimulator.Build.0 = Debug|Any CPU
		{848FC5C3-DA45-4754-A456-01EF070B9BCE}.Debug|x64.ActiveCfg = Debug|Any CPU
		{848FC5C3-DA45-4754-A456-01EF070B9BCE}.Debug|x64.Build.0 = Debug|Any CPU
		{848FC5C3-DA45-4754-A456-01EF070B9BCE}.Debug|x86.ActiveCfg = Debug|Any CPU
		{848FC5C3-DA45-4754-A456-01EF070B9BCE}.Debug|x86.Build.0 = Debug|Any CPU
		{848FC5C3-DA45-4754-A456-01EF070B9BCE}.Release|Any CPU.ActiveCfg = Release|Any CPU
		{848FC5C3-DA45-4754-A456-01EF070B9BCE}.Release|Any CPU.Build.0 = Release|Any CPU
		{848FC5C3-DA45-4754-A456-01EF070B9BCE}.Release|ARM.ActiveCfg = Release|Any CPU
		{848FC5C3-DA45-4754-A456-01EF070B9BCE}.Release|ARM.Build.0 = Release|Any CPU
		{848FC5C3-DA45-4754-A456-01EF070B9BCE}.Release|iPhone.ActiveCfg = Release|Any CPU
		{848FC5C3-DA45-4754-A456-01EF070B9BCE}.Release|iPhone.Build.0 = Release|Any CPU
		{848FC5C3-DA45-4754-A456-01EF070B9BCE}.Release|iPhoneSimulator.ActiveCfg = Release|Any CPU
		{848FC5C3-DA45-4754-A456-01EF070B9BCE}.Release|iPhoneSimulator.Build.0 = Release|Any CPU
		{848FC5C3-DA45-4754-A456-01EF070B9BCE}.Release|x64.ActiveCfg = Release|Any CPU
		{848FC5C3-DA45-4754-A456-01EF070B9BCE}.Release|x64.Build.0 = Release|Any CPU
		{848FC5C3-DA45-4754-A456-01EF070B9BCE}.Release|x86.ActiveCfg = Release|Any CPU
		{848FC5C3-DA45-4754-A456-01EF070B9BCE}.Release|x86.Build.0 = Release|Any CPU
	EndGlobalSection
	GlobalSection(SolutionProperties) = preSolution
		HideSolutionNode = FALSE
	EndGlobalSection
	GlobalSection(ExtensibilityGlobals) = postSolution
		SolutionGuid = {ABCE5453-B4DD-4228-83D0-C83FE6223E79}
	EndGlobalSection
EndGlobal
